
Microsoft Visual Studio Solution File, Format Version 12.00
# Visual Studio Version 16
VisualStudioVersion = 16.0.30011.22
MinimumVisualStudioVersion = 10.0.40219.1
Project("{FAE04EC0-301F-11D3-BF4B-00C04F79EFBC}") = "MyClasses", "MyClasses\MyClasses.csproj", "{97D7436A-1B24-4265-877A-DFA078CB3B0E}"
EndProject
Project("{FAE04EC0-301F-11D3-BF4B-00C04F79EFBC}") = "MyClassesTest", "MyClassesTest\MyClassesTest.csproj", "{9EE8083A-BC73-4D31-95BD-1046C22918C9}"
EndProject
Global
	GlobalSection(SolutionConfigurationPlatforms) = preSolution
		Debug|Any CPU = Debug|Any CPU
		Release|Any CPU = Release|Any CPU
	EndGlobalSection
	GlobalSection(ProjectConfigurationPlatforms) = postSolution
		{97D7436A-1B24-4265-877A-DFA078CB3B0E}.Debug|Any CPU.ActiveCfg = Debug|Any CPU
		{97D7436A-1B24-4265-877A-DFA078CB3B0E}.Debug|Any CPU.Build.0 = Debug|Any CPU
		{97D7436A-1B24-4265-877A-DFA078CB3B0E}.Release|Any CPU.ActiveCfg = Release|Any CPU
		{97D7436A-1B24-4265-877A-DFA078CB3B0E}.Release|Any CPU.Build.0 = Release|Any CPU
		{9EE8083A-BC73-4D31-95BD-1046C22918C9}.Debug|Any CPU.ActiveCfg = Debug|Any CPU
		{9EE8083A-BC73-4D31-95BD-1046C22918C9}.Debug|Any CPU.Build.0 = Debug|Any CPU
		{9EE8083A-BC73-4D31-95BD-1046C22918C9}.Release|Any CPU.ActiveCfg = Release|Any CPU
		{9EE8083A-BC73-4D31-95BD-1046C22918C9}.Release|Any CPU.Build.0 = Release|Any CPU
	EndGlobalSection
	GlobalSection(SolutionProperties) = preSolution
		HideSolutionNode = FALSE
	EndGlobalSection
	GlobalSection(ExtensibilityGlobals) = postSolution
		SolutionGuid = {692271AE-C337-4783-922B-F0BFA42052C0}
	EndGlobalSection
EndGlobal
